
Microsoft Visual Studio Solution File, Format Version 12.00
# Visual Studio 15
VisualStudioVersion = 15.0.27130.2003
MinimumVisualStudioVersion = 10.0.40219.1
Project("{2150E333-8FDC-42A3-9474-1A3956D46DE8}") = "04.Solution Items", "04.Solution Items", "{D78BDC6D-C47F-4290-9B59-D97E3E418AB8}"
	ProjectSection(SolutionItems) = preProject
		Libs\GlobalAssemblyInfo.cs = Libs\GlobalAssemblyInfo.cs
	EndProjectSection
EndProject
Project("{2150E333-8FDC-42A3-9474-1A3956D46DE8}") = "01.Libs", "01.Libs", "{5830F850-8950-456F-8BA3-6A93BC48E5BD}"
EndProject
Project("{2150E333-8FDC-42A3-9474-1A3956D46DE8}") = "Common", "Common", "{46325075-5A4E-41B9-9A02-2EC309B5BA47}"
EndProject
Project("{2150E333-8FDC-42A3-9474-1A3956D46DE8}") = "DAL", "DAL", "{4297EA3C-EDDE-4A13-B33F-A85995058CD0}"
EndProject
Project("{2150E333-8FDC-42A3-9474-1A3956D46DE8}") = "Domain", "Domain", "{DECABD17-5400-48AC-8377-9BC52BF7DE96}"
EndProject
Project("{2150E333-8FDC-42A3-9474-1A3956D46DE8}") = "Global", "Global", "{81B02845-35AA-4555-A8DC-2F5190B04240}"
EndProject
Project("{2150E333-8FDC-42A3-9474-1A3956D46DE8}") = "PL", "PL", "{2E36FF89-9F26-4405-A817-AAA66A75234F}"
EndProject
Project("{FAE04EC0-301F-11D3-BF4B-00C04F79EFBC}") = "InfrastructureLight.Common", "Libs\InfrastructureLight.Common\InfrastructureLight.Common.csproj", "{B6CE1022-4CD6-4253-ACCC-3B723B0BA890}"
EndProject
Project("{FAE04EC0-301F-11D3-BF4B-00C04F79EFBC}") = "InfrastructureLight.Domain", "Libs\InfrastructureLight.Domain\InfrastructureLight.Domain.csproj", "{3B58BE83-B88D-4732-A525-E660D8E7F20A}"
EndProject
Project("{FAE04EC0-301F-11D3-BF4B-00C04F79EFBC}") = "InfrastructureLight.Web", "Libs\InfrastructureLight.Web\InfrastructureLight.Web.csproj", "{B3461EFF-B21A-4EE9-BF0A-B28A8E7A83B0}"
EndProject
Project("{FAE04EC0-301F-11D3-BF4B-00C04F79EFBC}") = "InfrastructureLight.Wpf", "Libs\InfrastructureLight.Wpf\InfrastructureLight.Wpf.csproj", "{074CFB74-E69D-4514-BD0E-3E20E980B71B}"
EndProject
Project("{FAE04EC0-301F-11D3-BF4B-00C04F79EFBC}") = "InfrastructureLight.Wpf.Common", "Libs\InfrastructureLight.Wpf.Common\InfrastructureLight.Wpf.Common.csproj", "{7A2647D1-46DB-4482-9491-00F69CDF0873}"
EndProject
Project("{FAE04EC0-301F-11D3-BF4B-00C04F79EFBC}") = "Global.NLog.Config", "Libs\Global.NLog.Config\Global.NLog.Config.csproj", "{0945B3E8-BB53-472F-8B6D-9BCAF6BE69D6}"
EndProject
Project("{FAE04EC0-301F-11D3-BF4B-00C04F79EFBC}") = "Global.Security", "Libs\Global.Security\Global.Security.csproj", "{4BDD4505-2EEA-47E2-9EAC-0ABE9FD118B3}"
EndProject
Project("{FAE04EC0-301F-11D3-BF4B-00C04F79EFBC}") = "InfrastructureLight.DAL", "Libs\InfrastructureLight.DAL\InfrastructureLight.DAL.csproj", "{DAD7477B-B6B6-48E1-BAF6-E656EB4B0FB9}"
EndProject
Project("{2150E333-8FDC-42A3-9474-1A3956D46DE8}") = "02.Tests", "02.Tests", "{E073A79B-00EC-4E68-A056-C597EDA21937}"
EndProject
Project("{2150E333-8FDC-42A3-9474-1A3956D46DE8}") = ".changelogs", ".changelogs", "{A7AB444F-DB76-4EEF-903F-87E0AD525B03}"
EndProject
Project("{FAE04EC0-301F-11D3-BF4B-00C04F79EFBC}") = "Global.Updater", "Libs\Global.Updater\Global.Updater.csproj", "{8B2063E5-41AB-4D25-99E8-B9B425A4588A}"
EndProject
Project("{FAE04EC0-301F-11D3-BF4B-00C04F79EFBC}") = "InfrastructureLight.ComponentModel", "Libs\InfrastructureLight.ComponentModel\InfrastructureLight.ComponentModel.csproj", "{C2645268-4203-41D1-A940-8C60C38D568B}"
EndProject
Global
	GlobalSection(SolutionConfigurationPlatforms) = preSolution
		Debug|Any CPU = Debug|Any CPU
		Release|Any CPU = Release|Any CPU
	EndGlobalSection
	GlobalSection(ProjectConfigurationPlatforms) = postSolution
		{B6CE1022-4CD6-4253-ACCC-3B723B0BA890}.Debug|Any CPU.ActiveCfg = Debug|Any CPU
		{B6CE1022-4CD6-4253-ACCC-3B723B0BA890}.Debug|Any CPU.Build.0 = Debug|Any CPU
		{B6CE1022-4CD6-4253-ACCC-3B723B0BA890}.Release|Any CPU.ActiveCfg = Release|Any CPU
		{B6CE1022-4CD6-4253-ACCC-3B723B0BA890}.Release|Any CPU.Build.0 = Release|Any CPU
		{3B58BE83-B88D-4732-A525-E660D8E7F20A}.Debug|Any CPU.ActiveCfg = Debug|Any CPU
		{3B58BE83-B88D-4732-A525-E660D8E7F20A}.Debug|Any CPU.Build.0 = Debug|Any CPU
		{3B58BE83-B88D-4732-A525-E660D8E7F20A}.Release|Any CPU.ActiveCfg = Release|Any CPU
		{3B58BE83-B88D-4732-A525-E660D8E7F20A}.Release|Any CPU.Build.0 = Release|Any CPU
		{B3461EFF-B21A-4EE9-BF0A-B28A8E7A83B0}.Debug|Any CPU.ActiveCfg = Debug|Any CPU
		{B3461EFF-B21A-4EE9-BF0A-B28A8E7A83B0}.Debug|Any CPU.Build.0 = Debug|Any CPU
		{B3461EFF-B21A-4EE9-BF0A-B28A8E7A83B0}.Release|Any CPU.ActiveCfg = Release|Any CPU
		{B3461EFF-B21A-4EE9-BF0A-B28A8E7A83B0}.Release|Any CPU.Build.0 = Release|Any CPU
		{074CFB74-E69D-4514-BD0E-3E20E980B71B}.Debug|Any CPU.ActiveCfg = Debug|Any CPU
		{074CFB74-E69D-4514-BD0E-3E20E980B71B}.Debug|Any CPU.Build.0 = Debug|Any CPU
		{074CFB74-E69D-4514-BD0E-3E20E980B71B}.Release|Any CPU.ActiveCfg = Release|Any CPU
		{074CFB74-E69D-4514-BD0E-3E20E980B71B}.Release|Any CPU.Build.0 = Release|Any CPU
		{7A2647D1-46DB-4482-9491-00F69CDF0873}.Debug|Any CPU.ActiveCfg = Debug|Any CPU
		{7A2647D1-46DB-4482-9491-00F69CDF0873}.Debug|Any CPU.Build.0 = Debug|Any CPU
		{7A2647D1-46DB-4482-9491-00F69CDF0873}.Release|Any CPU.ActiveCfg = Release|Any CPU
		{7A2647D1-46DB-4482-9491-00F69CDF0873}.Release|Any CPU.Build.0 = Release|Any CPU
		{0945B3E8-BB53-472F-8B6D-9BCAF6BE69D6}.Debug|Any CPU.ActiveCfg = Debug|Any CPU
		{0945B3E8-BB53-472F-8B6D-9BCAF6BE69D6}.Debug|Any CPU.Build.0 = Debug|Any CPU
		{0945B3E8-BB53-472F-8B6D-9BCAF6BE69D6}.Release|Any CPU.ActiveCfg = Release|Any CPU
		{0945B3E8-BB53-472F-8B6D-9BCAF6BE69D6}.Release|Any CPU.Build.0 = Release|Any CPU
		{4BDD4505-2EEA-47E2-9EAC-0ABE9FD118B3}.Debug|Any CPU.ActiveCfg = Debug|Any CPU
		{4BDD4505-2EEA-47E2-9EAC-0ABE9FD118B3}.Debug|Any CPU.Build.0 = Debug|Any CPU
		{4BDD4505-2EEA-47E2-9EAC-0ABE9FD118B3}.Release|Any CPU.ActiveCfg = Release|Any CPU
		{4BDD4505-2EEA-47E2-9EAC-0ABE9FD118B3}.Release|Any CPU.Build.0 = Release|Any CPU
		{DAD7477B-B6B6-48E1-BAF6-E656EB4B0FB9}.Debug|Any CPU.ActiveCfg = Debug|Any CPU
		{DAD7477B-B6B6-48E1-BAF6-E656EB4B0FB9}.Debug|Any CPU.Build.0 = Debug|Any CPU
		{DAD7477B-B6B6-48E1-BAF6-E656EB4B0FB9}.Release|Any CPU.ActiveCfg = Release|Any CPU
		{DAD7477B-B6B6-48E1-BAF6-E656EB4B0FB9}.Release|Any CPU.Build.0 = Release|Any CPU
		{8B2063E5-41AB-4D25-99E8-B9B425A4588A}.Debug|Any CPU.ActiveCfg = Debug|Any CPU
		{8B2063E5-41AB-4D25-99E8-B9B425A4588A}.Debug|Any CPU.Build.0 = Debug|Any CPU
		{8B2063E5-41AB-4D25-99E8-B9B425A4588A}.Release|Any CPU.ActiveCfg = Release|Any CPU
		{8B2063E5-41AB-4D25-99E8-B9B425A4588A}.Release|Any CPU.Build.0 = Release|Any CPU
		{C2645268-4203-41D1-A940-8C60C38D568B}.Debug|Any CPU.ActiveCfg = Debug|Any CPU
		{C2645268-4203-41D1-A940-8C60C38D568B}.Debug|Any CPU.Build.0 = Debug|Any CPU
		{C2645268-4203-41D1-A940-8C60C38D568B}.Release|Any CPU.ActiveCfg = Release|Any CPU
		{C2645268-4203-41D1-A940-8C60C38D568B}.Release|Any CPU.Build.0 = Release|Any CPU
	EndGlobalSection
	GlobalSection(SolutionProperties) = preSolution
		HideSolutionNode = FALSE
	EndGlobalSection
	GlobalSection(NestedProjects) = preSolution
		{46325075-5A4E-41B9-9A02-2EC309B5BA47} = {5830F850-8950-456F-8BA3-6A93BC48E5BD}
		{4297EA3C-EDDE-4A13-B33F-A85995058CD0} = {5830F850-8950-456F-8BA3-6A93BC48E5BD}
		{DECABD17-5400-48AC-8377-9BC52BF7DE96} = {5830F850-8950-456F-8BA3-6A93BC48E5BD}
		{81B02845-35AA-4555-A8DC-2F5190B04240} = {5830F850-8950-456F-8BA3-6A93BC48E5BD}
		{2E36FF89-9F26-4405-A817-AAA66A75234F} = {5830F850-8950-456F-8BA3-6A93BC48E5BD}
		{B6CE1022-4CD6-4253-ACCC-3B723B0BA890} = {46325075-5A4E-41B9-9A02-2EC309B5BA47}
		{3B58BE83-B88D-4732-A525-E660D8E7F20A} = {DECABD17-5400-48AC-8377-9BC52BF7DE96}
		{B3461EFF-B21A-4EE9-BF0A-B28A8E7A83B0} = {2E36FF89-9F26-4405-A817-AAA66A75234F}
		{074CFB74-E69D-4514-BD0E-3E20E980B71B} = {2E36FF89-9F26-4405-A817-AAA66A75234F}
		{7A2647D1-46DB-4482-9491-00F69CDF0873} = {2E36FF89-9F26-4405-A817-AAA66A75234F}
		{0945B3E8-BB53-472F-8B6D-9BCAF6BE69D6} = {81B02845-35AA-4555-A8DC-2F5190B04240}
		{4BDD4505-2EEA-47E2-9EAC-0ABE9FD118B3} = {81B02845-35AA-4555-A8DC-2F5190B04240}
		{DAD7477B-B6B6-48E1-BAF6-E656EB4B0FB9} = {4297EA3C-EDDE-4A13-B33F-A85995058CD0}
		{8B2063E5-41AB-4D25-99E8-B9B425A4588A} = {81B02845-35AA-4555-A8DC-2F5190B04240}
		{C2645268-4203-41D1-A940-8C60C38D568B} = {46325075-5A4E-41B9-9A02-2EC309B5BA47}
	EndGlobalSection
	GlobalSection(ExtensibilityGlobals) = postSolution
		SolutionGuid = {42D0581C-2748-4F12-8176-5FA3176241E7}
	EndGlobalSection
EndGlobal
